{
  "originHash" : "3a3d4246525b793c8025d27150928f85a31694132deef6644935c4b4f426b9fc",
  "pins" : [
    {
      "identity" : "helical",
      "kind" : "remoteSourceControl",
      "location" : "https://github.com/tomasf/Helical.git",
      "state" : {
        "branch" : "main",
        "revision" : "ad4b94ac2c8b9189c60bbfcf3bbf2233f9d845d3"
      }
    },
    {
      "identity" : "keystone",
      "kind" : "remoteSourceControl",
      "location" : "https://github.com/tomasf/Keystone.git",
      "state" : {
        "branch" : "main",
        "revision" : "3dff1e180ea9fda6edc0803d91399496c5a3a722"
      }
    },
    {
      "identity" : "swift-collections",
      "kind" : "remoteSourceControl",
      "location" : "https://github.com/apple/swift-collections.git",
      "state" : {
        "revision" : "671108c96644956dddcd89dd59c203dcdb36cec7",
        "version" : "1.1.4"
      }
    },
    {
      "identity" : "swift-log",
      "kind" : "remoteSourceControl",
      "location" : "https://github.com/apple/swift-log.git",
      "state" : {
        "revision" : "9cb486020ebf03bfa5b5df985387a14a98744537",
        "version" : "1.6.1"
      }
    },
    {
      "identity" : "swiftscad",
      "kind" : "remoteSourceControl",
      "location" : "https://github.com/tomasf/SwiftSCAD.git",
      "state" : {
        "revision" : "52d56c72f6d77ece0e9e283189071507f489f8fe",
        "version" : "0.7.0"
      }
    }
  ],
  "version" : 3
}
